// !$*UTF8*$!
{
	archiveVersion = 1;
	classes = {
	};
	objectVersion = 46;
	objects = {

/* Begin PBXBuildFile section */
		F05287D61DE548CF00CB37DD /* BullsEye.html in Resources */ = {isa = PBXBuildFile; fileRef = F05287D51DE548CF00CB37DD /* BullsEye.html */; };
		F052A6581DE1CE6F00004ED1 /* AppDelegate.swift in Sources */ = {isa = PBXBuildFile; fileRef = F052A6571DE1CE6F00004ED1 /* AppDelegate.swift */; };
		F052A65A1DE1CE6F00004ED1 /* ViewController.swift in Sources */ = {isa = PBXBuildFile; fileRef = F052A6591DE1CE6F00004ED1 /* ViewController.swift */; };
		F052A65D1DE1CE6F00004ED1 /* Main.storyboard in Resources */ = {isa = PBXBuildFile; fileRef = F052A65B1DE1CE6F00004ED1 /* Main.storyboard */; };
		F052A65F1DE1CE6F00004ED1 /* Assets.xcassets in Resources */ = {isa = PBXBuildFile; fileRef = F052A65E1DE1CE6F00004ED1 /* Assets.xcassets */; };
		F052A66A1DE2B83000004ED1 /* AboutViewController.swift in Sources */ = {isa = PBXBuildFile; fileRef = F052A6691DE2B83000004ED1 /* AboutViewController.swift */; };
		F0E131661DE9313B00B59CCE /* Default-568h@2x.png in Resources */ = {isa = PBXBuildFile; fileRef = F0E131651DE9313B00B59CCE /* Default-568h@2x.png */; };
/* End PBXBuildFile section */

/* Begin PBXFileReference section */
		F05287D51DE548CF00CB37DD /* BullsEye.html */ = {isa = PBXFileReference; fileEncoding = 4; lastKnownFileType = text.html; path = BullsEye.html; sourceTree = "<group>"; };
		F052A6541DE1CE6F00004ED1 /* BullsEye.app */ = {isa = PBXFileReference; explicitFileType = wrapper.application; includeInIndex = 0; path = BullsEye.app; sourceTree = BUILT_PRODUCTS_DIR; };
		F052A6571DE1CE6F00004ED1 /* AppDelegate.swift */ = {isa = PBXFileReference; lastKnownFileType = sourcecode.swift; path = AppDelegate.swift; sourceTree = "<group>"; };
		F052A6591DE1CE6F00004ED1 /* ViewController.swift */ = {isa = PBXFileReference; lastKnownFileType = sourcecode.swift; path = ViewController.swift; sourceTree = "<group>"; };
		F052A65C1DE1CE6F00004ED1 /* Base */ = {isa = PBXFileReference; lastKnownFileType = file.storyboard; name = Base; path = Base.lproj/Main.storyboard; sourceTree = "<group>"; };
		F052A65E1DE1CE6F00004ED1 /* Assets.xcassets */ = {isa = PBXFileReference; lastKnownFileType = folder.assetcatalog; path = Assets.xcassets; sourceTree = "<group>"; };
		F052A6631DE1CE6F00004ED1 /* Info.plist */ = {isa = PBXFileReference; lastKnownFileType = text.plist.xml; path = Info.plist; sourceTree = "<group>"; };
		F052A6691DE2B83000004ED1 /* AboutViewController.swift */ = {isa = PBXFileReference; fileEncoding = 4; lastKnownFileType = sourcecode.swift; path = AboutViewController.swift; sourceTree = "<group>"; };
		F0E131651DE9313B00B59CCE /* Default-568h@2x.png */ = {isa = PBXFileReference; lastKnownFileType = image.png; path = "Default-568h@2x.png"; sourceTree = "<group>"; };
/* End PBXFileReference section */

/* Begin PBXFrameworksBuildPhase section */
		F052A6511DE1CE6F00004ED1 /* Frameworks */ = {
			isa = PBXFrameworksBuildPhase;
			buildActionMask = 2147483647;
			files = (
			);
			runOnlyForDeploymentPostprocessing = 0;
		};
/* End PBXFrameworksBuildPhase section */

/* Begin PBXGroup section */
		F052A64B1DE1CE6F00004ED1 = {
			isa = PBXGroup;
			children = (
				F052A6561DE1CE6F00004ED1 /* BullsEye */,
				F052A6551DE1CE6F00004ED1 /* Products */,
			);
			sourceTree = "<group>";
		};
		F052A6551DE1CE6F00004ED1 /* Products */ = {
			isa = PBXGroup;
			children = (
				F052A6541DE1CE6F00004ED1 /* BullsEye.app */,
			);
			name = Products;
			sourceTree = "<group>";
		};
		F052A6561DE1CE6F00004ED1 /* BullsEye */ = {
			isa = PBXGroup;
			children = (
				F0E131651DE9313B00B59CCE /* Default-568h@2x.png */,
				F05287D51DE548CF00CB37DD /* BullsEye.html */,
				F052A6571DE1CE6F00004ED1 /* AppDelegate.swift */,
				F052A6591DE1CE6F00004ED1 /* ViewController.swift */,
				F052A65B1DE1CE6F00004ED1 /* Main.storyboard */,
				F052A6691DE2B83000004ED1 /* AboutViewController.swift */,
				F052A65E1DE1CE6F00004ED1 /* Assets.xcassets */,
				F052A6631DE1CE6F00004ED1 /* Info.plist */,
			);
			path = BullsEye;
			sourceTree = "<group>";
		};
/* End PBXGroup section */

/* Begin PBXNativeTarget section */
		F052A6531DE1CE6F00004ED1 /* BullsEye */ = {
			isa = PBXNativeTarget;
			buildConfigurationList = F052A6661DE1CE6F00004ED1 /* Build configuration list for PBXNativeTarget "BullsEye" */;
			buildPhases = (
				F052A6501DE1CE6F00004ED1 /* Sources */,
				F052A6511DE1CE6F00004ED1 /* Frameworks */,
				F052A6521DE1CE6F00004ED1 /* Resources */,
			);
			buildRules = (
			);
			dependencies = (
			);
			name = BullsEye;
			productName = BullsEye;
			productReference = F052A6541DE1CE6F00004ED1 /* BullsEye.app */;
			productType = "com.apple.product-type.application";
		};
/* End PBXNativeTarget section */

/* Begin PBXProject section */
		F052A64C1DE1CE6F00004ED1 /* Project object */ = {
			isa = PBXProject;
			attributes = {
				LastSwiftUpdateCheck = 0810;
				LastUpgradeCheck = 0810;
				ORGANIZATIONNAME = "Trance Apps";
				TargetAttributes = {
					F052A6531DE1CE6F00004ED1 = {
						CreatedOnToolsVersion = 8.1;
						DevelopmentTeam = 8TUF73A8Z9;
						ProvisioningStyle = Automatic;
					};
				};
			};
			buildConfigurationList = F052A64F1DE1CE6F00004ED1 /* Build configuration list for PBXProject "BullsEye" */;
			compatibilityVersion = "Xcode 3.2";
			developmentRegion = English;
			hasScannedForEncodings = 0;
			knownRegions = (
				en,
				Base,
			);
			mainGroup = F052A64B1DE1CE6F00004ED1;
			productRefGroup = F052A6551DE1CE6F00004ED1 /* Products */;
			projectDirPath = "";
			projectRoot = "";
			targets = (
				F052A6531DE1CE6F00004ED1 /* BullsEye */,
			);
		};
/* End PBXProject section */

/* Begin PBXResourcesBuildPhase section */
		F052A6521DE1CE6F00004ED1 /* Resources */ = {
			isa = PBXResourcesBuildPhase;
			buildActionMask = 2147483647;
			files = (
				F05287D61DE548CF00CB37DD /* BullsEye.html in Resources */,
				F0E131661DE9313B00B59CCE /* Default-568h@2x.png in Resources */,
				F052A65F1DE1CE6F00004ED1 /* Assets.xcassets in Resources */,
				F052A65D1DE1CE6F00004ED1 /* Main.storyboard in Resources */,
			);
			runOnlyForDeploymentPostprocessing = 0;
		};
/* End PBXResourcesBuildPhase section */

/* Begin PBXSourcesBuildPhase section */
		F052A6501DE1CE6F00004ED1 /* Sources */ = {
			isa = PBXSourcesBuildPhase;
			buildActionMask = 2147483647;
			files = (
				F052A66A1DE2B83000004ED1 /* AboutViewController.swift in Sources */,
				F052A65A1DE1CE6F00004ED1 /* ViewController.swift in Sources */,
				F052A6581DE1CE6F00004ED1 /* AppDelegate.swift in Sources */,
			);
			runOnlyForDeploymentPostprocessing = 0;
		};
/* End PBXSourcesBuildPhase section */

/* Begin PBXVariantGroup section */
		F052A65B1DE1CE6F00004ED1 /* Main.storyboard */ = {
			isa = PBXVariantGroup;
			children = (
				F052A65C1DE1CE6F00004ED1 /* Base */,
			);
			name = Main.storyboard;
			sourceTree = "<group>";
		};
/* End PBXVariantGroup section */

/* Begin XCBuildConfiguration section */
		F052A6641DE1CE6F00004ED1 /* Debug */ = {
			isa = XCBuildConfiguration;
			buildSettings = {
				ALWAYS_SEARCH_USER_PATHS = NO;
				CLANG_ANALYZER_NONNULL = YES;
				CLANG_CXX_LANGUAGE_STANDARD = "gnu++0x";
				CLANG_CXX_LIBRARY = "libc++";
				CLANG_ENABLE_MODULES = YES;
				CLANG_ENABLE_OBJC_ARC = YES;
				CLANG_WARN_BOOL_CONVERSION = YES;
				CLANG_WARN_CONSTANT_CONVERSION = YES;
				CLANG_WARN_DIRECT_OBJC_ISA_USAGE = YES_ERROR;
				CLANG_WARN_DOCUMENTATION_COMMENTS = YES;
				CLANG_WARN_EMPTY_BODY = YES;
				CLANG_WARN_ENUM_CONVERSION = YES;
				CLANG_WARN_INFINITE_RECURSION = YES;
				CLANG_WARN_INT_CONVERSION = YES;
				CLANG_WARN_OBJC_ROOT_CLASS = YES_ERROR;
				CLANG_WARN_SUSPICIOUS_MOVES = YES;
				CLANG_WARN_UNREACHABLE_CODE = YES;
				CLANG_WARN__DUPLICATE_METHOD_MATCH = YES;
				"CODE_SIGN_IDENTITY[sdk=iphoneos*]" = "iPhone Developer";
				COPY_PHASE_STRIP = NO;
				DEBUG_INFORMATION_FORMAT = dwarf;
				ENABLE_STRICT_OBJC_MSGSEND = YES;
				ENABLE_TESTABILITY = YES;
				GCC_C_LANGUAGE_STANDARD = gnu99;
				GCC_DYNAMIC_NO_PIC = NO;
				GCC_NO_COMMON_BLOCKS = YES;
				GCC_OPTIMIZATION_LEVEL = 0;
				GCC_PREPROCESSOR_DEFINITIONS = (
					"DEBUG=1",
					"$(inherited)",
				);
				GCC_WARN_64_TO_32_BIT_CONVERSION = YES;
				GCC_WARN_ABOUT_RETURN_TYPE = YES_ERROR;
				GCC_WARN_UNDECLARED_SELECTOR = YES;
				GCC_WARN_UNINITIALIZED_AUTOS = YES_AGGRESSIVE;
				GCC_WARN_UNUSED_FUNCTION = YES;
				GCC_WARN_UNUSED_VARIABLE = YES;
				IPHONEOS_DEPLOYMENT_TARGET = 10.1;
				MTL_ENABLE_DEBUG_INFO = YES;
				ONLY_ACTIVE_ARCH = YES;
				SDKROOT = iphoneos;
				SWIFT_ACTIVE_COMPILATION_CONDITIONS = DEBUG;
				SWIFT_OPTIMIZATION_LEVEL = "-Onone";
			};
			name = Debug;
		};
		F052A6651DE1CE6F00004ED1 /* Release */ = {
			isa = XCBuildConfiguration;
			buildSettings = {
				ALWAYS_SEARCH_USER_PATHS = NO;
				CLANG_ANALYZER_NONNULL = YES;
				CLANG_CXX_LANGUAGE_STANDARD = "gnu++0x";
				CLANG_CXX_LIBRARY = "libc++";
				CLANG_ENABLE_MODULES = YES;
				CLANG_ENABLE_OBJC_ARC = YES;
				CLANG_WARN_BOOL_CONVERSION = YES;
				CLANG_WARN_CONSTANT_CONVERSION = YES;
				CLANG_WARN_DIRECT_OBJC_ISA_USAGE = YES_ERROR;
				CLANG_WARN_DOCUMENTATION_COMMENTS = YES;
				CLANG_WARN_EMPTY_BODY = YES;
				CLANG_WARN_ENUM_CONVERSION = YES;
				CLANG_WARN_INFINITE_RECURSION = YES;
				CLANG_WARN_INT_CONVERSION = YES;
				CLANG_WARN_OBJC_ROOT_CLASS = YES_ERROR;
				CLANG_WARN_SUSPICIOUS_MOVES = YES;
				CLANG_WARN_UNREACHABLE_CODE = YES;
				CLANG_WARN__DUPLICATE_METHOD_MATCH = YES;
				"CODE_SIGN_IDENTITY[sdk=iphoneos*]" = "iPhone Developer";
				COPY_PHASE_STRIP = NO;
				DEBUG_INFORMATION_FORMAT = "dwarf-with-dsym";
				ENABLE_NS_ASSERTIONS = NO;
				ENABLE_STRICT_OBJC_MSGSEND = YES;
				GCC_C_LANGUAGE_STANDARD = gnu99;
				GCC_NO_COMMON_BLOCKS = YES;
				GCC_WARN_64_TO_32_BIT_CONVERSION = YES;
				GCC_WARN_ABOUT_RETURN_TYPE = YES_ERROR;
				GCC_WARN_UNDECLARED_SELECTOR = YES;
				GCC_WARN_UNINITIALIZED_AUTOS = YES_AGGRESSIVE;
				GCC_WARN_UNUSED_FUNCTION = YES;
				GCC_WARN_UNUSED_VARIABLE = YES;
				IPHONEOS_DEPLOYMENT_TARGET = 10.1;
				MTL_ENABLE_DEBUG_INFO = NO;
				SDKROOT = iphoneos;
				SWIFT_OPTIMIZATION_LEVEL = "-Owholemodule";
				VALIDATE_PRODUCT = YES;
			};
			name = Release;
		};
		F052A6671DE1CE6F00004ED1 /* Debug */ = {
			isa = XCBuildConfiguration;
			buildSettings = {
				ASSETCATALOG_COMPILER_APPICON_NAME = AppIcon;
				DEVELOPMENT_TEAM = 8TUF73A8Z9;
				INFOPLIST_FILE = BullsEye/Info.plist;
				LD_RUNPATH_SEARCH_PATHS = "$(inherited) @executable_path/Frameworks";
				PRODUCT_BUNDLE_IDENTIFIER = com.dTranceApps.BullsEye;
				PRODUCT_NAME = "$(TARGET_NAME)";
				SWIFT_VERSION = 3.0;
			};
			name = Debug;
		};
		F052A6681DE1CE6F00004ED1 /* Release */ = {
			isa = XCBuildConfiguration;
			buildSettings = {
				ASSETCATALOG_COMPILER_APPICON_NAME = AppIcon;
				DEVELOPMENT_TEAM = 8TUF73A8Z9;
				INFOPLIST_FILE = BullsEye/Info.plist;
				LD_RUNPATH_SEARCH_PATHS = "$(inherited) @executable_path/Frameworks";
				PRODUCT_BUNDLE_IDENTIFIER = com.dTranceApps.BullsEye;
				PRODUCT_NAME = "$(TARGET_NAME)";
				SWIFT_VERSION = 3.0;
			};
			name = Release;
		};
/* End XCBuildConfiguration section */

/* Begin XCConfigurationList section */
		F052A64F1DE1CE6F00004ED1 /* Build configuration list for PBXProject "BullsEye" */ = {
			isa = XCConfigurationList;
			buildConfigurations = (
				F052A6641DE1CE6F00004ED1 /* Debug */,
				F052A6651DE1CE6F00004ED1 /* Release */,
			);
			defaultConfigurationIsVisible = 0;
			defaultConfigurationName = Release;
		};
		F052A6661DE1CE6F00004ED1 /* Build configuration list for PBXNativeTarget "BullsEye" */ = {
			isa = XCConfigurationList;
			buildConfigurations = (
				F052A6671DE1CE6F00004ED1 /* Debug */,
				F052A6681DE1CE6F00004ED1 /* Release */,
			);
			defaultConfigurationIsVisible = 0;
			defaultConfigurationName = Release;
		};
/* End XCConfigurationList section */
	};
	rootObject = F052A64C1DE1CE6F00004ED1 /* Project object */;
}
